
Microsoft Visual Studio Solution File, Format Version 11.00
# Visual Studio 2010
Project("{FAE04EC0-301F-11D3-BF4B-00C04F79EFBC}") = "Assembly-CSharp", "Assembly-CSharp.csproj", "{609c9d68-7725-284b-c05e-eff5b7059f6b}"
EndProject
Project("{FAE04EC0-301F-11D3-BF4B-00C04F79EFBC}") = "UnityGameFramework.Runtime", "UnityGameFramework.Runtime.csproj", "{acc45265-7b50-3dda-4832-6d5869cd38c3}"
EndProject
Project("{FAE04EC0-301F-11D3-BF4B-00C04F79EFBC}") = "GameFramework", "GameFramework.csproj", "{4fff4af3-f216-1ae2-0e79-66ef7ac0faab}"
EndProject
Project("{FAE04EC0-301F-11D3-BF4B-00C04F79EFBC}") = "UnityGameFramework.Editor", "UnityGameFramework.Editor.csproj", "{7d170a4e-bb0f-bf98-da15-3cf0b9011b9e}"
EndProject
Global
	GlobalSection(SolutionConfigurationPlatforms) = preSolution
		Debug|Any CPU = Debug|Any CPU
	EndGlobalSection
	GlobalSection(ProjectConfigurationPlatforms) = postSolution
		{609c9d68-7725-284b-c05e-eff5b7059f6b}.Debug|Any CPU.ActiveCfg = Debug|Any CPU
		{609c9d68-7725-284b-c05e-eff5b7059f6b}.Debug|Any CPU.Build.0 = Debug|Any CPU
		{acc45265-7b50-3dda-4832-6d5869cd38c3}.Debug|Any CPU.ActiveCfg = Debug|Any CPU
		{acc45265-7b50-3dda-4832-6d5869cd38c3}.Debug|Any CPU.Build.0 = Debug|Any CPU
		{4fff4af3-f216-1ae2-0e79-66ef7ac0faab}.Debug|Any CPU.ActiveCfg = Debug|Any CPU
		{4fff4af3-f216-1ae2-0e79-66ef7ac0faab}.Debug|Any CPU.Build.0 = Debug|Any CPU
		{7d170a4e-bb0f-bf98-da15-3cf0b9011b9e}.Debug|Any CPU.ActiveCfg = Debug|Any CPU
		{7d170a4e-bb0f-bf98-da15-3cf0b9011b9e}.Debug|Any CPU.Build.0 = Debug|Any CPU
	EndGlobalSection
	GlobalSection(SolutionProperties) = preSolution
		HideSolutionNode = FALSE
	EndGlobalSection
EndGlobal
